// !$*UTF8*$!
{
	archiveVersion = 1;
	classes = {
	};
	objectVersion = 50;
	objects = {

/* Begin PBXBuildFile section */
		171DA3B42390469800C2DFA8 /* AppDelegate.swift in Sources */ = {isa = PBXBuildFile; fileRef = 171DA3B32390469800C2DFA8 /* AppDelegate.swift */; };
		171DA3B62390469800C2DFA8 /* GameScene.sks in Resources */ = {isa = PBXBuildFile; fileRef = 171DA3B52390469800C2DFA8 /* GameScene.sks */; };
		171DA3B82390469800C2DFA8 /* Actions.sks in Resources */ = {isa = PBXBuildFile; fileRef = 171DA3B72390469800C2DFA8 /* Actions.sks */; };
		171DA3BA2390469800C2DFA8 /* GameScene.swift in Sources */ = {isa = PBXBuildFile; fileRef = 171DA3B92390469800C2DFA8 /* GameScene.swift */; };
		171DA3BC2390469800C2DFA8 /* GameViewController.swift in Sources */ = {isa = PBXBuildFile; fileRef = 171DA3BB2390469800C2DFA8 /* GameViewController.swift */; };
		171DA3BF2390469800C2DFA8 /* Main.storyboard in Resources */ = {isa = PBXBuildFile; fileRef = 171DA3BD2390469800C2DFA8 /* Main.storyboard */; };
		171DA3C12390469900C2DFA8 /* Assets.xcassets in Resources */ = {isa = PBXBuildFile; fileRef = 171DA3C02390469900C2DFA8 /* Assets.xcassets */; };
		171DA3C42390469900C2DFA8 /* LaunchScreen.storyboard in Resources */ = {isa = PBXBuildFile; fileRef = 171DA3C22390469900C2DFA8 /* LaunchScreen.storyboard */; };
		171DA3CC239046D500C2DFA8 /* GameOverScene.swift in Sources */ = {isa = PBXBuildFile; fileRef = 171DA3CB239046D500C2DFA8 /* GameOverScene.swift */; };
/* End PBXBuildFile section */

/* Begin PBXFileReference section */
		171DA3B02390469800C2DFA8 /* Breakout.app */ = {isa = PBXFileReference; explicitFileType = wrapper.application; includeInIndex = 0; path = Breakout.app; sourceTree = BUILT_PRODUCTS_DIR; };
		171DA3B32390469800C2DFA8 /* AppDelegate.swift */ = {isa = PBXFileReference; lastKnownFileType = sourcecode.swift; path = AppDelegate.swift; sourceTree = "<group>"; };
		171DA3B52390469800C2DFA8 /* GameScene.sks */ = {isa = PBXFileReference; lastKnownFileType = file.sks; path = GameScene.sks; sourceTree = "<group>"; };
		171DA3B72390469800C2DFA8 /* Actions.sks */ = {isa = PBXFileReference; lastKnownFileType = file.sks; path = Actions.sks; sourceTree = "<group>"; };
		171DA3B92390469800C2DFA8 /* GameScene.swift */ = {isa = PBXFileReference; lastKnownFileType = sourcecode.swift; path = GameScene.swift; sourceTree = "<group>"; };
		171DA3BB2390469800C2DFA8 /* GameViewController.swift */ = {isa = PBXFileReference; lastKnownFileType = sourcecode.swift; path = GameViewController.swift; sourceTree = "<group>"; };
		171DA3BE2390469800C2DFA8 /* Base */ = {isa = PBXFileReference; lastKnownFileType = file.storyboard; name = Base; path = Base.lproj/Main.storyboard; sourceTree = "<group>"; };
		171DA3C02390469900C2DFA8 /* Assets.xcassets */ = {isa = PBXFileReference; lastKnownFileType = folder.assetcatalog; path = Assets.xcassets; sourceTree = "<group>"; };
		171DA3C32390469900C2DFA8 /* Base */ = {isa = PBXFileReference; lastKnownFileType = file.storyboard; name = Base; path = Base.lproj/LaunchScreen.storyboard; sourceTree = "<group>"; };
		171DA3C52390469900C2DFA8 /* Info.plist */ = {isa = PBXFileReference; lastKnownFileType = text.plist.xml; path = Info.plist; sourceTree = "<group>"; };
		171DA3CB239046D500C2DFA8 /* GameOverScene.swift */ = {isa = PBXFileReference; fileEncoding = 4; lastKnownFileType = sourcecode.swift; path = GameOverScene.swift; sourceTree = "<group>"; };
/* End PBXFileReference section */

/* Begin PBXFrameworksBuildPhase section */
		171DA3AD2390469800C2DFA8 /* Frameworks */ = {
			isa = PBXFrameworksBuildPhase;
			buildActionMask = 2147483647;
			files = (
			);
			runOnlyForDeploymentPostprocessing = 0;
		};
/* End PBXFrameworksBuildPhase section */

/* Begin PBXGroup section */
		171DA3A72390469800C2DFA8 = {
			isa = PBXGroup;
			children = (
				171DA3B22390469800C2DFA8 /* Breakout */,
				171DA3B12390469800C2DFA8 /* Products */,
			);
			sourceTree = "<group>";
		};
		171DA3B12390469800C2DFA8 /* Products */ = {
			isa = PBXGroup;
			children = (
				171DA3B02390469800C2DFA8 /* Breakout.app */,
			);
			name = Products;
			sourceTree = "<group>";
		};
		171DA3B22390469800C2DFA8 /* Breakout */ = {
			isa = PBXGroup;
			children = (
				171DA3B32390469800C2DFA8 /* AppDelegate.swift */,
				171DA3B52390469800C2DFA8 /* GameScene.sks */,
				171DA3B72390469800C2DFA8 /* Actions.sks */,
				171DA3B92390469800C2DFA8 /* GameScene.swift */,
				171DA3BB2390469800C2DFA8 /* GameViewController.swift */,
				171DA3CB239046D500C2DFA8 /* GameOverScene.swift */,
				171DA3BD2390469800C2DFA8 /* Main.storyboard */,
				171DA3C02390469900C2DFA8 /* Assets.xcassets */,
				171DA3C22390469900C2DFA8 /* LaunchScreen.storyboard */,
				171DA3C52390469900C2DFA8 /* Info.plist */,
			);
			path = Breakout;
			sourceTree = "<group>";
		};
/* End PBXGroup section */

/* Begin PBXNativeTarget section */
		171DA3AF2390469800C2DFA8 /* Breakout */ = {
			isa = PBXNativeTarget;
			buildConfigurationList = 171DA3C82390469900C2DFA8 /* Build configuration list for PBXNativeTarget "Breakout" */;
			buildPhases = (
				171DA3AC2390469800C2DFA8 /* Sources */,
				171DA3AD2390469800C2DFA8 /* Frameworks */,
				171DA3AE2390469800C2DFA8 /* Resources */,
			);
			buildRules = (
			);
			dependencies = (
			);
			name = Breakout;
			productName = Breakout;
			productReference = 171DA3B02390469800C2DFA8 /* Breakout.app */;
			productType = "com.apple.product-type.application";
		};
/* End PBXNativeTarget section */

/* Begin PBXProject section */
		171DA3A82390469800C2DFA8 /* Project object */ = {
			isa = PBXProject;
			attributes = {
				LastSwiftUpdateCheck = 1120;
				LastUpgradeCheck = 1120;
				ORGANIZATIONNAME = "Alex Shubin";
				TargetAttributes = {
					171DA3AF2390469800C2DFA8 = {
						CreatedOnToolsVersion = 11.2.1;
					};
				};
			};
			buildConfigurationList = 171DA3AB2390469800C2DFA8 /* Build configuration list for PBXProject "Breakout" */;
			compatibilityVersion = "Xcode 9.3";
			developmentRegion = en;
			hasScannedForEncodings = 0;
			knownRegions = (
				en,
				Base,
			);
			mainGroup = 171DA3A72390469800C2DFA8;
			productRefGroup = 171DA3B12390469800C2DFA8 /* Products */;
			projectDirPath = "";
			projectRoot = "";
			targets = (
				171DA3AF2390469800C2DFA8 /* Breakout */,
			);
		};
/* End PBXProject section */

/* Begin PBXResourcesBuildPhase section */
		171DA3AE2390469800C2DFA8 /* Resources */ = {
			isa = PBXResourcesBuildPhase;
			buildActionMask = 2147483647;
			files = (
				171DA3BF2390469800C2DFA8 /* Main.storyboard in Resources */,
				171DA3B62390469800C2DFA8 /* GameScene.sks in Resources */,
				171DA3C12390469900C2DFA8 /* Assets.xcassets in Resources */,
				171DA3C42390469900C2DFA8 /* LaunchScreen.storyboard in Resources */,
				171DA3B82390469800C2DFA8 /* Actions.sks in Resources */,
			);
			runOnlyForDeploymentPostprocessing = 0;
		};
/* End PBXResourcesBuildPhase section */

/* Begin PBXSourcesBuildPhase section */
		171DA3AC2390469800C2DFA8 /* Sources */ = {
			isa = PBXSourcesBuildPhase;
			buildActionMask = 2147483647;
			files = (
				171DA3BA2390469800C2DFA8 /* GameScene.swift in Sources */,
				171DA3BC2390469800C2DFA8 /* GameViewController.swift in Sources */,
				171DA3CC239046D500C2DFA8 /* GameOverScene.swift in Sources */,
				171DA3B42390469800C2DFA8 /* AppDelegate.swift in Sources */,
			);
			runOnlyForDeploymentPostprocessing = 0;
		};
/* End PBXSourcesBuildPhase section */

/* Begin PBXVariantGroup section */
		171DA3BD2390469800C2DFA8 /* Main.storyboard */ = {
			isa = PBXVariantGroup;
			children = (
				171DA3BE2390469800C2DFA8 /* Base */,
			);
			name = Main.storyboard;
			sourceTree = "<group>";
		};
		171DA3C22390469900C2DFA8 /* LaunchScreen.storyboard */ = {
			isa = PBXVariantGroup;
			children = (
				171DA3C32390469900C2DFA8 /* Base */,
			);
			name = LaunchScreen.storyboard;
			sourceTree = "<group>";
		};
/* End PBXVariantGroup section */

/* Begin XCBuildConfiguration section */
		171DA3C62390469900C2DFA8 /* Debug */ = {
			isa = XCBuildConfiguration;
			buildSettings = {
				ALWAYS_SEARCH_USER_PATHS = NO;
				CLANG_ANALYZER_NONNULL = YES;
				CLANG_ANALYZER_NUMBER_OBJECT_CONVERSION = YES_AGGRESSIVE;
				CLANG_CXX_LANGUAGE_STANDARD = "gnu++14";
				CLANG_CXX_LIBRARY = "libc++";
				CLANG_ENABLE_MODULES = YES;
				CLANG_ENABLE_OBJC_ARC = YES;
				CLANG_ENABLE_OBJC_WEAK = YES;
				CLANG_WARN_BLOCK_CAPTURE_AUTORELEASING = YES;
				CLANG_WARN_BOOL_CONVERSION = YES;
				CLANG_WARN_COMMA = YES;
				CLANG_WARN_CONSTANT_CONVERSION = YES;
				CLANG_WARN_DEPRECATED_OBJC_IMPLEMENTATIONS = YES;
				CLANG_WARN_DIRECT_OBJC_ISA_USAGE = YES_ERROR;
				CLANG_WARN_DOCUMENTATION_COMMENTS = YES;
				CLANG_WARN_EMPTY_BODY = YES;
				CLANG_WARN_ENUM_CONVERSION = YES;
				CLANG_WARN_INFINITE_RECURSION = YES;
				CLANG_WARN_INT_CONVERSION = YES;
				CLANG_WARN_NON_LITERAL_NULL_CONVERSION = YES;
				CLANG_WARN_OBJC_IMPLICIT_RETAIN_SELF = YES;
				CLANG_WARN_OBJC_LITERAL_CONVERSION = YES;
				CLANG_WARN_OBJC_ROOT_CLASS = YES_ERROR;
				CLANG_WARN_RANGE_LOOP_ANALYSIS = YES;
				CLANG_WARN_STRICT_PROTOTYPES = YES;
				CLANG_WARN_SUSPICIOUS_MOVE = YES;
				CLANG_WARN_UNGUARDED_AVAILABILITY = YES_AGGRESSIVE;
				CLANG_WARN_UNREACHABLE_CODE = YES;
				CLANG_WARN__DUPLICATE_METHOD_MATCH = YES;
				COPY_PHASE_STRIP = NO;
				DEBUG_INFORMATION_FORMAT = dwarf;
				ENABLE_STRICT_OBJC_MSGSEND = YES;
				ENABLE_TESTABILITY = YES;
				GCC_C_LANGUAGE_STANDARD = gnu11;
				GCC_DYNAMIC_NO_PIC = NO;
				GCC_NO_COMMON_BLOCKS = YES;
				GCC_OPTIMIZATION_LEVEL = 0;
				GCC_PREPROCESSOR_DEFINITIONS = (
					"DEBUG=1",
					"$(inherited)",
				);
				GCC_WARN_64_TO_32_BIT_CONVERSION = YES;
				GCC_WARN_ABOUT_RETURN_TYPE = YES_ERROR;
				GCC_WARN_UNDECLARED_SELECTOR = YES;
				GCC_WARN_UNINITIALIZED_AUTOS = YES_AGGRESSIVE;
				GCC_WARN_UNUSED_FUNCTION = YES;
				GCC_WARN_UNUSED_VARIABLE = YES;
				IPHONEOS_DEPLOYMENT_TARGET = 13.2;
				MTL_ENABLE_DEBUG_INFO = INCLUDE_SOURCE;
				MTL_FAST_MATH = YES;
				ONLY_ACTIVE_ARCH = YES;
				SDKROOT = iphoneos;
				SWIFT_ACTIVE_COMPILATION_CONDITIONS = DEBUG;
				SWIFT_OPTIMIZATION_LEVEL = "-Onone";
			};
			name = Debug;
		};
		171DA3C72390469900C2DFA8 /* Release */ = {
			isa = XCBuildConfiguration;
			buildSettings = {
				ALWAYS_SEARCH_USER_PATHS = NO;
				CLANG_ANALYZER_NONNULL = YES;
				CLANG_ANALYZER_NUMBER_OBJECT_CONVERSION = YES_AGGRESSIVE;
				CLANG_CXX_LANGUAGE_STANDARD = "gnu++14";
				CLANG_CXX_LIBRARY = "libc++";
				CLANG_ENABLE_MODULES = YES;
				CLANG_ENABLE_OBJC_ARC = YES;
				CLANG_ENABLE_OBJC_WEAK = YES;
				CLANG_WARN_BLOCK_CAPTURE_AUTORELEASING = YES;
				CLANG_WARN_BOOL_CONVERSION = YES;
				CLANG_WARN_COMMA = YES;
				CLANG_WARN_CONSTANT_CONVERSION = YES;
				CLANG_WARN_DEPRECATED_OBJC_IMPLEMENTATIONS = YES;
				CLANG_WARN_DIRECT_OBJC_ISA_USAGE = YES_ERROR;
				CLANG_WARN_DOCUMENTATION_COMMENTS = YES;
				CLANG_WARN_EMPTY_BODY = YES;
				CLANG_WARN_ENUM_CONVERSION = YES;
				CLANG_WARN_INFINITE_RECURSION = YES;
				CLANG_WARN_INT_CONVERSION = YES;
				CLANG_WARN_NON_LITERAL_NULL_CONVERSION = YES;
				CLANG_WARN_OBJC_IMPLICIT_RETAIN_SELF = YES;
				CLANG_WARN_OBJC_LITERAL_CONVERSION = YES;
				CLANG_WARN_OBJC_ROOT_CLASS = YES_ERROR;
				CLANG_WARN_RANGE_LOOP_ANALYSIS = YES;
				CLANG_WARN_STRICT_PROTOTYPES = YES;
				CLANG_WARN_SUSPICIOUS_MOVE = YES;
				CLANG_WARN_UNGUARDED_AVAILABILITY = YES_AGGRESSIVE;
				CLANG_WARN_UNREACHABLE_CODE = YES;
				CLANG_WARN__DUPLICATE_METHOD_MATCH = YES;
				COPY_PHASE_STRIP = NO;
				DEBUG_INFORMATION_FORMAT = "dwarf-with-dsym";
				ENABLE_NS_ASSERTIONS = NO;
				ENABLE_STRICT_OBJC_MSGSEND = YES;
				GCC_C_LANGUAGE_STANDARD = gnu11;
				GCC_NO_COMMON_BLOCKS = YES;
				GCC_WARN_64_TO_32_BIT_CONVERSION = YES;
				GCC_WARN_ABOUT_RETURN_TYPE = YES_ERROR;
				GCC_WARN_UNDECLARED_SELECTOR = YES;
				GCC_WARN_UNINITIALIZED_AUTOS = YES_AGGRESSIVE;
				GCC_WARN_UNUSED_FUNCTION = YES;
				GCC_WARN_UNUSED_VARIABLE = YES;
				IPHONEOS_DEPLOYMENT_TARGET = 13.2;
				MTL_ENABLE_DEBUG_INFO = NO;
				MTL_FAST_MATH = YES;
				SDKROOT = iphoneos;
				SWIFT_COMPILATION_MODE = wholemodule;
				SWIFT_OPTIMIZATION_LEVEL = "-O";
				VALIDATE_PRODUCT = YES;
			};
			name = Release;
		};
		171DA3C92390469900C2DFA8 /* Debug */ = {
			isa = XCBuildConfiguration;
			buildSettings = {
				ASSETCATALOG_COMPILER_APPICON_NAME = AppIcon;
				CODE_SIGN_STYLE = Automatic;
				INFOPLIST_FILE = Breakout/Info.plist;
				IPHONEOS_DEPLOYMENT_TARGET = 11.0;
				LD_RUNPATH_SEARCH_PATHS = (
					"$(inherited)",
					"@executable_path/Frameworks",
				);
				PRODUCT_BUNDLE_IDENTIFIER = com.avs.Breakout;
				PRODUCT_NAME = "$(TARGET_NAME)";
				SWIFT_VERSION = 5.0;
				TARGETED_DEVICE_FAMILY = "1,2";
			};
			name = Debug;
		};
		171DA3CA2390469900C2DFA8 /* Release */ = {
			isa = XCBuildConfiguration;
			buildSettings = {
				ASSETCATALOG_COMPILER_APPICON_NAME = AppIcon;
				CODE_SIGN_STYLE = Automatic;
				INFOPLIST_FILE = Breakout/Info.plist;
				IPHONEOS_DEPLOYMENT_TARGET = 11.0;
				LD_RUNPATH_SEARCH_PATHS = (
					"$(inherited)",
					"@executable_path/Frameworks",
				);
				PRODUCT_BUNDLE_IDENTIFIER = com.avs.Breakout;
				PRODUCT_NAME = "$(TARGET_NAME)";
				SWIFT_VERSION = 5.0;
				TARGETED_DEVICE_FAMILY = "1,2";
			};
			name = Release;
		};
/* End XCBuildConfiguration section */

/* Begin XCConfigurationList section */
		171DA3AB2390469800C2DFA8 /* Build configuration list for PBXProject "Breakout" */ = {
			isa = XCConfigurationList;
			buildConfigurations = (
				171DA3C62390469900C2DFA8 /* Debug */,
				171DA3C72390469900C2DFA8 /* Release */,
			);
			defaultConfigurationIsVisible = 0;
			defaultConfigurationName = Release;
		};
		171DA3C82390469900C2DFA8 /* Build configuration list for PBXNativeTarget "Breakout" */ = {
			isa = XCConfigurationList;
			buildConfigurations = (
				171DA3C92390469900C2DFA8 /* Debug */,
				171DA3CA2390469900C2DFA8 /* Release */,
			);
			defaultConfigurationIsVisible = 0;
			defaultConfigurationName = Release;
		};
/* End XCConfigurationList section */
	};
	rootObject = 171DA3A82390469800C2DFA8 /* Project object */;
}
